// !$*UTF8*$!
{
	archiveVersion = 1;
	classes = {
	};
	objectVersion = 56;
	objects = {

/* Begin PBXBuildFile section */
		B01BD2032B5A7095009FE7DC /* MessageItem.swift in Sources */ = {isa = PBXBuildFile; fileRef = B01BD2022B5A7095009FE7DC /* MessageItem.swift */; };
		B01BD2062B5A71F6009FE7DC /* NetworkTypes.swift in Sources */ = {isa = PBXBuildFile; fileRef = B01BD2052B5A71F6009FE7DC /* NetworkTypes.swift */; };
		B01BD20A2B5A76E4009FE7DC /* NetworkManager.swift in Sources */ = {isa = PBXBuildFile; fileRef = B01BD2092B5A76E3009FE7DC /* NetworkManager.swift */; };
		B01BD20C2B5A76E8009FE7DC /* InteractionManager.swift in Sources */ = {isa = PBXBuildFile; fileRef = B01BD20B2B5A76E8009FE7DC /* InteractionManager.swift */; };
		B01BD2102B5A79B6009FE7DC /* GetMessageViewModel.swift in Sources */ = {isa = PBXBuildFile; fileRef = B01BD2082B5A73AB009FE7DC /* GetMessageViewModel.swift */; };
		B065B28F2B59231C0047F05B /* InboxViewController.swift in Sources */ = {isa = PBXBuildFile; fileRef = B065B28E2B59231C0047F05B /* InboxViewController.swift */; };
		B065B2922B5928F20047F05B /* CustomNavBar.swift in Sources */ = {isa = PBXBuildFile; fileRef = B065B2912B5928F20047F05B /* CustomNavBar.swift */; };
		B0B0824B2B58440800CD4CBF /* AppDelegate.swift in Sources */ = {isa = PBXBuildFile; fileRef = B0B0824A2B58440800CD4CBF /* AppDelegate.swift */; };
		B0B0824D2B58440800CD4CBF /* SceneDelegate.swift in Sources */ = {isa = PBXBuildFile; fileRef = B0B0824C2B58440800CD4CBF /* SceneDelegate.swift */; };
		B0B082522B58440800CD4CBF /* Main.storyboard in Resources */ = {isa = PBXBuildFile; fileRef = B0B082502B58440800CD4CBF /* Main.storyboard */; };
		B0B082542B58440B00CD4CBF /* Assets.xcassets in Resources */ = {isa = PBXBuildFile; fileRef = B0B082532B58440B00CD4CBF /* Assets.xcassets */; };
		B0B082572B58440B00CD4CBF /* LaunchScreen.storyboard in Resources */ = {isa = PBXBuildFile; fileRef = B0B082552B58440B00CD4CBF /* LaunchScreen.storyboard */; };
		B0B4B8D22B5C5CCF00717263 /* LZViewPager.swift in Sources */ = {isa = PBXBuildFile; fileRef = B0B4B8CF2B5C5CCE00717263 /* LZViewPager.swift */; };
		B0B4B8D32B5C5CCF00717263 /* LZViewPagerHeader.swift in Sources */ = {isa = PBXBuildFile; fileRef = B0B4B8D02B5C5CCF00717263 /* LZViewPagerHeader.swift */; };
		B0B4B8D42B5C5CCF00717263 /* LZViewPagerContent.swift in Sources */ = {isa = PBXBuildFile; fileRef = B0B4B8D12B5C5CCF00717263 /* LZViewPagerContent.swift */; };
		B0B4B8D62B5C609D00717263 /* MainViewController.swift in Sources */ = {isa = PBXBuildFile; fileRef = B0B4B8D52B5C609D00717263 /* MainViewController.swift */; };
		B0B4B8D82B5C660600717263 /* SavedMessagesViewController.swift in Sources */ = {isa = PBXBuildFile; fileRef = B0B4B8D72B5C660600717263 /* SavedMessagesViewController.swift */; };
		B0DB6F1E2B5CFCB40047DDB5 /* BadgeGenerator in Frameworks */ = {isa = PBXBuildFile; productRef = B0DB6F1D2B5CFCB40047DDB5 /* BadgeGenerator */; };
		B0DB6F202B5D04640047DDB5 /* InboxViewController+TableView.swift in Sources */ = {isa = PBXBuildFile; fileRef = B0DB6F1F2B5D04640047DDB5 /* InboxViewController+TableView.swift */; };
		B0DB6F222B5D0EFE0047DDB5 /* MessageResultTableViewCell.swift in Sources */ = {isa = PBXBuildFile; fileRef = B0DB6F212B5D0EFE0047DDB5 /* MessageResultTableViewCell.swift */; };
		B0DB6F252B5D67730047DDB5 /* String+extension.swift in Sources */ = {isa = PBXBuildFile; fileRef = B0DB6F242B5D67730047DDB5 /* String+extension.swift */; };
		B0DB6F272B5D6A500047DDB5 /* MessageResultFullTableViewCell.swift in Sources */ = {isa = PBXBuildFile; fileRef = B0DB6F262B5D6A500047DDB5 /* MessageResultFullTableViewCell.swift */; };
		B0DB6F2E2B5D6CBF0047DDB5 /* MessageResultFullTableViewCell.xib in Resources */ = {isa = PBXBuildFile; fileRef = B0DB6F2D2B5D6CBF0047DDB5 /* MessageResultFullTableViewCell.xib */; };
		B0DB6F302B5D80B40047DDB5 /* UIImageView+extension.swift in Sources */ = {isa = PBXBuildFile; fileRef = B0DB6F2F2B5D80B40047DDB5 /* UIImageView+extension.swift */; };
		B0DB6F322B5DA2090047DDB5 /* ViewUtilities.swift in Sources */ = {isa = PBXBuildFile; fileRef = B0DB6F312B5DA2090047DDB5 /* ViewUtilities.swift */; };
		BE15AABA612D3590BDF46610 /* Pods_ECOM_Messages.framework in Frameworks */ = {isa = PBXBuildFile; fileRef = 96EDE15912B1EE6A07E4C0BB /* Pods_ECOM_Messages.framework */; };
/* End PBXBuildFile section */

/* Begin PBXFileReference section */
		3BDAFD8C388DCDC929725D72 /* Pods-ECOM Messages.debug.xcconfig */ = {isa = PBXFileReference; includeInIndex = 1; lastKnownFileType = text.xcconfig; name = "Pods-ECOM Messages.debug.xcconfig"; path = "Target Support Files/Pods-ECOM Messages/Pods-ECOM Messages.debug.xcconfig"; sourceTree = "<group>"; };
		96EDE15912B1EE6A07E4C0BB /* Pods_ECOM_Messages.framework */ = {isa = PBXFileReference; explicitFileType = wrapper.framework; includeInIndex = 0; path = Pods_ECOM_Messages.framework; sourceTree = BUILT_PRODUCTS_DIR; };
		B01BD2022B5A7095009FE7DC /* MessageItem.swift */ = {isa = PBXFileReference; lastKnownFileType = sourcecode.swift; path = MessageItem.swift; sourceTree = "<group>"; };
		B01BD2052B5A71F6009FE7DC /* NetworkTypes.swift */ = {isa = PBXFileReference; fileEncoding = 4; lastKnownFileType = sourcecode.swift; path = NetworkTypes.swift; sourceTree = "<group>"; };
		B01BD2082B5A73AB009FE7DC /* GetMessageViewModel.swift */ = {isa = PBXFileReference; lastKnownFileType = sourcecode.swift; path = GetMessageViewModel.swift; sourceTree = "<group>"; };
		B01BD2092B5A76E3009FE7DC /* NetworkManager.swift */ = {isa = PBXFileReference; fileEncoding = 4; lastKnownFileType = sourcecode.swift; path = NetworkManager.swift; sourceTree = "<group>"; };
		B01BD20B2B5A76E8009FE7DC /* InteractionManager.swift */ = {isa = PBXFileReference; fileEncoding = 4; lastKnownFileType = sourcecode.swift; path = InteractionManager.swift; sourceTree = "<group>"; };
		B065B28E2B59231C0047F05B /* InboxViewController.swift */ = {isa = PBXFileReference; lastKnownFileType = sourcecode.swift; path = InboxViewController.swift; sourceTree = "<group>"; };
		B065B2912B5928F20047F05B /* CustomNavBar.swift */ = {isa = PBXFileReference; fileEncoding = 4; lastKnownFileType = sourcecode.swift; path = CustomNavBar.swift; sourceTree = "<group>"; };
		B0B082472B58440800CD4CBF /* ECOM Messages.app */ = {isa = PBXFileReference; explicitFileType = wrapper.application; includeInIndex = 0; path = "ECOM Messages.app"; sourceTree = BUILT_PRODUCTS_DIR; };
		B0B0824A2B58440800CD4CBF /* AppDelegate.swift */ = {isa = PBXFileReference; lastKnownFileType = sourcecode.swift; path = AppDelegate.swift; sourceTree = "<group>"; };
		B0B0824C2B58440800CD4CBF /* SceneDelegate.swift */ = {isa = PBXFileReference; lastKnownFileType = sourcecode.swift; path = SceneDelegate.swift; sourceTree = "<group>"; };
		B0B082512B58440800CD4CBF /* Base */ = {isa = PBXFileReference; lastKnownFileType = file.storyboard; name = Base; path = Base.lproj/Main.storyboard; sourceTree = "<group>"; };
		B0B082532B58440B00CD4CBF /* Assets.xcassets */ = {isa = PBXFileReference; lastKnownFileType = folder.assetcatalog; path = Assets.xcassets; sourceTree = "<group>"; };
		B0B082562B58440B00CD4CBF /* Base */ = {isa = PBXFileReference; lastKnownFileType = file.storyboard; name = Base; path = Base.lproj/LaunchScreen.storyboard; sourceTree = "<group>"; };
		B0B082582B58440B00CD4CBF /* Info.plist */ = {isa = PBXFileReference; lastKnownFileType = text.plist.xml; path = Info.plist; sourceTree = "<group>"; };
		B0B4B8CF2B5C5CCE00717263 /* LZViewPager.swift */ = {isa = PBXFileReference; fileEncoding = 4; lastKnownFileType = sourcecode.swift; path = LZViewPager.swift; sourceTree = "<group>"; };
		B0B4B8D02B5C5CCF00717263 /* LZViewPagerHeader.swift */ = {isa = PBXFileReference; fileEncoding = 4; lastKnownFileType = sourcecode.swift; path = LZViewPagerHeader.swift; sourceTree = "<group>"; };
		B0B4B8D12B5C5CCF00717263 /* LZViewPagerContent.swift */ = {isa = PBXFileReference; fileEncoding = 4; lastKnownFileType = sourcecode.swift; path = LZViewPagerContent.swift; sourceTree = "<group>"; };
		B0B4B8D52B5C609D00717263 /* MainViewController.swift */ = {isa = PBXFileReference; lastKnownFileType = sourcecode.swift; path = MainViewController.swift; sourceTree = "<group>"; };
		B0B4B8D72B5C660600717263 /* SavedMessagesViewController.swift */ = {isa = PBXFileReference; lastKnownFileType = sourcecode.swift; path = SavedMessagesViewController.swift; sourceTree = "<group>"; };
		B0DB6F1F2B5D04640047DDB5 /* InboxViewController+TableView.swift */ = {isa = PBXFileReference; lastKnownFileType = sourcecode.swift; path = "InboxViewController+TableView.swift"; sourceTree = "<group>"; };
		B0DB6F212B5D0EFE0047DDB5 /* MessageResultTableViewCell.swift */ = {isa = PBXFileReference; lastKnownFileType = sourcecode.swift; path = MessageResultTableViewCell.swift; sourceTree = "<group>"; };
		B0DB6F242B5D67730047DDB5 /* String+extension.swift */ = {isa = PBXFileReference; lastKnownFileType = sourcecode.swift; path = "String+extension.swift"; sourceTree = "<group>"; };
		B0DB6F262B5D6A500047DDB5 /* MessageResultFullTableViewCell.swift */ = {isa = PBXFileReference; lastKnownFileType = sourcecode.swift; path = MessageResultFullTableViewCell.swift; sourceTree = "<group>"; };
		B0DB6F2D2B5D6CBF0047DDB5 /* MessageResultFullTableViewCell.xib */ = {isa = PBXFileReference; lastKnownFileType = file.xib; path = MessageResultFullTableViewCell.xib; sourceTree = "<group>"; };
		B0DB6F2F2B5D80B40047DDB5 /* UIImageView+extension.swift */ = {isa = PBXFileReference; lastKnownFileType = sourcecode.swift; path = "UIImageView+extension.swift"; sourceTree = "<group>"; };
		B0DB6F312B5DA2090047DDB5 /* ViewUtilities.swift */ = {isa = PBXFileReference; lastKnownFileType = sourcecode.swift; path = ViewUtilities.swift; sourceTree = "<group>"; };
		D40F03DE06646A4E62098128 /* Pods-ECOM Messages.release.xcconfig */ = {isa = PBXFileReference; includeInIndex = 1; lastKnownFileType = text.xcconfig; name = "Pods-ECOM Messages.release.xcconfig"; path = "Target Support Files/Pods-ECOM Messages/Pods-ECOM Messages.release.xcconfig"; sourceTree = "<group>"; };
/* End PBXFileReference section */

/* Begin PBXFrameworksBuildPhase section */
		B0B082442B58440800CD4CBF /* Frameworks */ = {
			isa = PBXFrameworksBuildPhase;
			buildActionMask = 2147483647;
			files = (
				B0DB6F1E2B5CFCB40047DDB5 /* BadgeGenerator in Frameworks */,
				BE15AABA612D3590BDF46610 /* Pods_ECOM_Messages.framework in Frameworks */,
			);
			runOnlyForDeploymentPostprocessing = 0;
		};
/* End PBXFrameworksBuildPhase section */

/* Begin PBXGroup section */
		0AD13DEDFEB4FD508420565E /* Frameworks */ = {
			isa = PBXGroup;
			children = (
				96EDE15912B1EE6A07E4C0BB /* Pods_ECOM_Messages.framework */,
			);
			name = Frameworks;
			sourceTree = "<group>";
		};
		B01BD2012B5A7084009FE7DC /* Model */ = {
			isa = PBXGroup;
			children = (
				B01BD2022B5A7095009FE7DC /* MessageItem.swift */,
			);
			path = Model;
			sourceTree = "<group>";
		};
		B01BD2042B5A71E4009FE7DC /* Network Manager */ = {
			isa = PBXGroup;
			children = (
				B01BD2092B5A76E3009FE7DC /* NetworkManager.swift */,
				B01BD20B2B5A76E8009FE7DC /* InteractionManager.swift */,
				B01BD2052B5A71F6009FE7DC /* NetworkTypes.swift */,
			);
			path = "Network Manager";
			sourceTree = "<group>";
		};
		B01BD2072B5A739A009FE7DC /* View Model */ = {
			isa = PBXGroup;
			children = (
				B01BD2082B5A73AB009FE7DC /* GetMessageViewModel.swift */,
			);
			path = "View Model";
			sourceTree = "<group>";
		};
		B01BD20D2B5A77B7009FE7DC /* View Utilities */ = {
			isa = PBXGroup;
			children = (
				B0DB6F1B2B5CF9D60047DDB5 /* View Pager */,
				B0DB6F312B5DA2090047DDB5 /* ViewUtilities.swift */,
			);
			path = "View Utilities";
			sourceTree = "<group>";
		};
		B065B2902B5924060047F05B /* View */ = {
			isa = PBXGroup;
			children = (
				B0DB6F332B5DB00D0047DDB5 /* Custom Views */,
				B0DB6F292B5D6ADA0047DDB5 /* Table View Cells */,
				B0DB6F282B5D6AD20047DDB5 /* View Controlers */,
				B01BD20D2B5A77B7009FE7DC /* View Utilities */,
			);
			path = View;
			sourceTree = "<group>";
		};
		B0B0823E2B58440800CD4CBF = {
			isa = PBXGroup;
			children = (
				B0B082492B58440800CD4CBF /* ECOM Messages */,
				B0B082482B58440800CD4CBF /* Products */,
				EB89A0EBF802B5AF7F5C8C45 /* Pods */,
				0AD13DEDFEB4FD508420565E /* Frameworks */,
			);
			sourceTree = "<group>";
		};
		B0B082482B58440800CD4CBF /* Products */ = {
			isa = PBXGroup;
			children = (
				B0B082472B58440800CD4CBF /* ECOM Messages.app */,
			);
			name = Products;
			sourceTree = "<group>";
		};
		B0B082492B58440800CD4CBF /* ECOM Messages */ = {
			isa = PBXGroup;
			children = (
				B0DB6F232B5D675D0047DDB5 /* extensions */,
				B01BD2012B5A7084009FE7DC /* Model */,
				B065B2902B5924060047F05B /* View */,
				B01BD2072B5A739A009FE7DC /* View Model */,
				B01BD2042B5A71E4009FE7DC /* Network Manager */,
				B0B0824A2B58440800CD4CBF /* AppDelegate.swift */,
				B0B0824C2B58440800CD4CBF /* SceneDelegate.swift */,
				B0B082502B58440800CD4CBF /* Main.storyboard */,
				B0B082532B58440B00CD4CBF /* Assets.xcassets */,
				B0B082552B58440B00CD4CBF /* LaunchScreen.storyboard */,
				B0B082582B58440B00CD4CBF /* Info.plist */,
			);
			path = "ECOM Messages";
			sourceTree = "<group>";
		};
		B0DB6F1B2B5CF9D60047DDB5 /* View Pager */ = {
			isa = PBXGroup;
			children = (
				B0B4B8CF2B5C5CCE00717263 /* LZViewPager.swift */,
				B0B4B8D12B5C5CCF00717263 /* LZViewPagerContent.swift */,
				B0B4B8D02B5C5CCF00717263 /* LZViewPagerHeader.swift */,
			);
			path = "View Pager";
			sourceTree = "<group>";
		};
		B0DB6F232B5D675D0047DDB5 /* extensions */ = {
			isa = PBXGroup;
			children = (
				B0DB6F242B5D67730047DDB5 /* String+extension.swift */,
				B0DB6F2F2B5D80B40047DDB5 /* UIImageView+extension.swift */,
			);
			path = extensions;
			sourceTree = "<group>";
		};
		B0DB6F282B5D6AD20047DDB5 /* View Controlers */ = {
			isa = PBXGroup;
			children = (
				B0B4B8D52B5C609D00717263 /* MainViewController.swift */,
				B065B28E2B59231C0047F05B /* InboxViewController.swift */,
				B0DB6F1F2B5D04640047DDB5 /* InboxViewController+TableView.swift */,
				B0B4B8D72B5C660600717263 /* SavedMessagesViewController.swift */,
			);
			path = "View Controlers";
			sourceTree = "<group>";
		};
		B0DB6F292B5D6ADA0047DDB5 /* Table View Cells */ = {
			isa = PBXGroup;
			children = (
				B0DB6F212B5D0EFE0047DDB5 /* MessageResultTableViewCell.swift */,
				B0DB6F262B5D6A500047DDB5 /* MessageResultFullTableViewCell.swift */,
				B0DB6F2D2B5D6CBF0047DDB5 /* MessageResultFullTableViewCell.xib */,
			);
			path = "Table View Cells";
			sourceTree = "<group>";
		};
		B0DB6F332B5DB00D0047DDB5 /* Custom Views */ = {
			isa = PBXGroup;
			children = (
				B065B2912B5928F20047F05B /* CustomNavBar.swift */,
			);
			path = "Custom Views";
			sourceTree = "<group>";
		};
		EB89A0EBF802B5AF7F5C8C45 /* Pods */ = {
			isa = PBXGroup;
			children = (
				3BDAFD8C388DCDC929725D72 /* Pods-ECOM Messages.debug.xcconfig */,
				D40F03DE06646A4E62098128 /* Pods-ECOM Messages.release.xcconfig */,
			);
			path = Pods;
			sourceTree = "<group>";
		};
/* End PBXGroup section */

/* Begin PBXNativeTarget section */
		B0B082462B58440800CD4CBF /* ECOM Messages */ = {
			isa = PBXNativeTarget;
			buildConfigurationList = B0B0825B2B58440B00CD4CBF /* Build configuration list for PBXNativeTarget "ECOM Messages" */;
			buildPhases = (
				C4DF18B190762D0803D90816 /* [CP] Check Pods Manifest.lock */,
				B0B082432B58440800CD4CBF /* Sources */,
				B0B082442B58440800CD4CBF /* Frameworks */,
				B0B082452B58440800CD4CBF /* Resources */,
				386D8FBD0E6101CA50FC45DC /* [CP] Embed Pods Frameworks */,
			);
			buildRules = (
			);
			dependencies = (
			);
			name = "ECOM Messages";
			packageProductDependencies = (
				B0DB6F1D2B5CFCB40047DDB5 /* BadgeGenerator */,
			);
			productName = "ECOM Messages";
			productReference = B0B082472B58440800CD4CBF /* ECOM Messages.app */;
			productType = "com.apple.product-type.application";
		};
/* End PBXNativeTarget section */

/* Begin PBXProject section */
		B0B0823F2B58440800CD4CBF /* Project object */ = {
			isa = PBXProject;
			attributes = {
				BuildIndependentTargetsInParallel = 1;
				LastSwiftUpdateCheck = 1500;
				LastUpgradeCheck = 1500;
				TargetAttributes = {
					B0B082462B58440800CD4CBF = {
						CreatedOnToolsVersion = 15.0.1;
					};
				};
			};
			buildConfigurationList = B0B082422B58440800CD4CBF /* Build configuration list for PBXProject "ECOM Messages" */;
			compatibilityVersion = "Xcode 14.0";
			developmentRegion = en;
			hasScannedForEncodings = 0;
			knownRegions = (
				en,
				Base,
			);
			mainGroup = B0B0823E2B58440800CD4CBF;
			packageReferences = (
				B0DB6F1C2B5CFCB40047DDB5 /* XCRemoteSwiftPackageReference "BadgeGenerator" */,
			);
			productRefGroup = B0B082482B58440800CD4CBF /* Products */;
			projectDirPath = "";
			projectRoot = "";
			targets = (
				B0B082462B58440800CD4CBF /* ECOM Messages */,
			);
		};
/* End PBXProject section */

/* Begin PBXResourcesBuildPhase section */
		B0B082452B58440800CD4CBF /* Resources */ = {
			isa = PBXResourcesBuildPhase;
			buildActionMask = 2147483647;
			files = (
				B0B082572B58440B00CD4CBF /* LaunchScreen.storyboard in Resources */,
				B0DB6F2E2B5D6CBF0047DDB5 /* MessageResultFullTableViewCell.xib in Resources */,
				B0B082542B58440B00CD4CBF /* Assets.xcassets in Resources */,
				B0B082522B58440800CD4CBF /* Main.storyboard in Resources */,
			);
			runOnlyForDeploymentPostprocessing = 0;
		};
/* End PBXResourcesBuildPhase section */

/* Begin PBXShellScriptBuildPhase section */
		386D8FBD0E6101CA50FC45DC /* [CP] Embed Pods Frameworks */ = {
			isa = PBXShellScriptBuildPhase;
			buildActionMask = 2147483647;
			files = (
			);
			inputFileListPaths = (
				"${PODS_ROOT}/Target Support Files/Pods-ECOM Messages/Pods-ECOM Messages-frameworks-${CONFIGURATION}-input-files.xcfilelist",
			);
			name = "[CP] Embed Pods Frameworks";
			outputFileListPaths = (
				"${PODS_ROOT}/Target Support Files/Pods-ECOM Messages/Pods-ECOM Messages-frameworks-${CONFIGURATION}-output-files.xcfilelist",
			);
			runOnlyForDeploymentPostprocessing = 0;
			shellPath = /bin/sh;
			shellScript = "\"${PODS_ROOT}/Target Support Files/Pods-ECOM Messages/Pods-ECOM Messages-frameworks.sh\"\n";
			showEnvVarsInLog = 0;
		};
		C4DF18B190762D0803D90816 /* [CP] Check Pods Manifest.lock */ = {
			isa = PBXShellScriptBuildPhase;
			buildActionMask = 2147483647;
			files = (
			);
			inputFileListPaths = (
			);
			inputPaths = (
				"${PODS_PODFILE_DIR_PATH}/Podfile.lock",
				"${PODS_ROOT}/Manifest.lock",
			);
			name = "[CP] Check Pods Manifest.lock";
			outputFileListPaths = (
			);
			outputPaths = (
				"$(DERIVED_FILE_DIR)/Pods-ECOM Messages-checkManifestLockResult.txt",
			);
			runOnlyForDeploymentPostprocessing = 0;
			shellPath = /bin/sh;
			shellScript = "diff \"${PODS_PODFILE_DIR_PATH}/Podfile.lock\" \"${PODS_ROOT}/Manifest.lock\" > /dev/null\nif [ $? != 0 ] ; then\n    # print error to STDERR\n    echo \"error: The sandbox is not in sync with the Podfile.lock. Run 'pod install' or update your CocoaPods installation.\" >&2\n    exit 1\nfi\n# This output is used by Xcode 'outputs' to avoid re-running this script phase.\necho \"SUCCESS\" > \"${SCRIPT_OUTPUT_FILE_0}\"\n";
			showEnvVarsInLog = 0;
		};
/* End PBXShellScriptBuildPhase section */

/* Begin PBXSourcesBuildPhase section */
		B0B082432B58440800CD4CBF /* Sources */ = {
			isa = PBXSourcesBuildPhase;
			buildActionMask = 2147483647;
			files = (
				B01BD2062B5A71F6009FE7DC /* NetworkTypes.swift in Sources */,
				B0DB6F322B5DA2090047DDB5 /* ViewUtilities.swift in Sources */,
				B01BD2032B5A7095009FE7DC /* MessageItem.swift in Sources */,
				B0B0824B2B58440800CD4CBF /* AppDelegate.swift in Sources */,
				B0B4B8D32B5C5CCF00717263 /* LZViewPagerHeader.swift in Sources */,
				B0DB6F222B5D0EFE0047DDB5 /* MessageResultTableViewCell.swift in Sources */,
				B0DB6F252B5D67730047DDB5 /* String+extension.swift in Sources */,
				B0B4B8D22B5C5CCF00717263 /* LZViewPager.swift in Sources */,
				B0B4B8D82B5C660600717263 /* SavedMessagesViewController.swift in Sources */,
				B01BD20A2B5A76E4009FE7DC /* NetworkManager.swift in Sources */,
				B0DB6F302B5D80B40047DDB5 /* UIImageView+extension.swift in Sources */,
				B065B2922B5928F20047F05B /* CustomNavBar.swift in Sources */,
				B01BD2102B5A79B6009FE7DC /* GetMessageViewModel.swift in Sources */,
				B0B0824D2B58440800CD4CBF /* SceneDelegate.swift in Sources */,
				B01BD20C2B5A76E8009FE7DC /* InteractionManager.swift in Sources */,
				B0B4B8D42B5C5CCF00717263 /* LZViewPagerContent.swift in Sources */,
				B0DB6F272B5D6A500047DDB5 /* MessageResultFullTableViewCell.swift in Sources */,
				B0DB6F202B5D04640047DDB5 /* InboxViewController+TableView.swift in Sources */,
				B0B4B8D62B5C609D00717263 /* MainViewController.swift in Sources */,
				B065B28F2B59231C0047F05B /* InboxViewController.swift in Sources */,
			);
			runOnlyForDeploymentPostprocessing = 0;
		};
/* End PBXSourcesBuildPhase section */

/* Begin PBXVariantGroup section */
		B0B082502B58440800CD4CBF /* Main.storyboard */ = {
			isa = PBXVariantGroup;
			children = (
				B0B082512B58440800CD4CBF /* Base */,
			);
			name = Main.storyboard;
			sourceTree = "<group>";
		};
		B0B082552B58440B00CD4CBF /* LaunchScreen.storyboard */ = {
			isa = PBXVariantGroup;
			children = (
				B0B082562B58440B00CD4CBF /* Base */,
			);
			name = LaunchScreen.storyboard;
			sourceTree = "<group>";
		};
/* End PBXVariantGroup section */

/* Begin XCBuildConfiguration section */
		B0B082592B58440B00CD4CBF /* Debug */ = {
			isa = XCBuildConfiguration;
			buildSettings = {
				ALWAYS_SEARCH_USER_PATHS = NO;
				ASSETCATALOG_COMPILER_GENERATE_SWIFT_ASSET_SYMBOL_EXTENSIONS = YES;
				CLANG_ANALYZER_NONNULL = YES;
				CLANG_ANALYZER_NUMBER_OBJECT_CONVERSION = YES_AGGRESSIVE;
				CLANG_CXX_LANGUAGE_STANDARD = "gnu++20";
				CLANG_ENABLE_MODULES = YES;
				CLANG_ENABLE_OBJC_ARC = YES;
				CLANG_ENABLE_OBJC_WEAK = YES;
				CLANG_WARN_BLOCK_CAPTURE_AUTORELEASING = YES;
				CLANG_WARN_BOOL_CONVERSION = YES;
				CLANG_WARN_COMMA = YES;
				CLANG_WARN_CONSTANT_CONVERSION = YES;
				CLANG_WARN_DEPRECATED_OBJC_IMPLEMENTATIONS = YES;
				CLANG_WARN_DIRECT_OBJC_ISA_USAGE = YES_ERROR;
				CLANG_WARN_DOCUMENTATION_COMMENTS = YES;
				CLANG_WARN_EMPTY_BODY = YES;
				CLANG_WARN_ENUM_CONVERSION = YES;
				CLANG_WARN_INFINITE_RECURSION = YES;
				CLANG_WARN_INT_CONVERSION = YES;
				CLANG_WARN_NON_LITERAL_NULL_CONVERSION = YES;
				CLANG_WARN_OBJC_IMPLICIT_RETAIN_SELF = YES;
				CLANG_WARN_OBJC_LITERAL_CONVERSION = YES;
				CLANG_WARN_OBJC_ROOT_CLASS = YES_ERROR;
				CLANG_WARN_QUOTED_INCLUDE_IN_FRAMEWORK_HEADER = YES;
				CLANG_WARN_RANGE_LOOP_ANALYSIS = YES;
				CLANG_WARN_STRICT_PROTOTYPES = YES;
				CLANG_WARN_SUSPICIOUS_MOVE = YES;
				CLANG_WARN_UNGUARDED_AVAILABILITY = YES_AGGRESSIVE;
				CLANG_WARN_UNREACHABLE_CODE = YES;
				CLANG_WARN__DUPLICATE_METHOD_MATCH = YES;
				COPY_PHASE_STRIP = NO;
				DEBUG_INFORMATION_FORMAT = dwarf;
				ENABLE_STRICT_OBJC_MSGSEND = YES;
				ENABLE_TESTABILITY = YES;
				ENABLE_USER_SCRIPT_SANDBOXING = YES;
				GCC_C_LANGUAGE_STANDARD = gnu17;
				GCC_DYNAMIC_NO_PIC = NO;
				GCC_NO_COMMON_BLOCKS = YES;
				GCC_OPTIMIZATION_LEVEL = 0;
				GCC_PREPROCESSOR_DEFINITIONS = (
					"DEBUG=1",
					"$(inherited)",
				);
				GCC_WARN_64_TO_32_BIT_CONVERSION = YES;
				GCC_WARN_ABOUT_RETURN_TYPE = YES_ERROR;
				GCC_WARN_UNDECLARED_SELECTOR = YES;
				GCC_WARN_UNINITIALIZED_AUTOS = YES_AGGRESSIVE;
				GCC_WARN_UNUSED_FUNCTION = YES;
				GCC_WARN_UNUSED_VARIABLE = YES;
				IPHONEOS_DEPLOYMENT_TARGET = 17.0;
				LOCALIZATION_PREFERS_STRING_CATALOGS = YES;
				MTL_ENABLE_DEBUG_INFO = INCLUDE_SOURCE;
				MTL_FAST_MATH = YES;
				ONLY_ACTIVE_ARCH = YES;
				SDKROOT = iphoneos;
				SWIFT_ACTIVE_COMPILATION_CONDITIONS = "DEBUG $(inherited)";
				SWIFT_OPTIMIZATION_LEVEL = "-Onone";
			};
			name = Debug;
		};
		B0B0825A2B58440B00CD4CBF /* Release */ = {
			isa = XCBuildConfiguration;
			buildSettings = {
				ALWAYS_SEARCH_USER_PATHS = NO;
				ASSETCATALOG_COMPILER_GENERATE_SWIFT_ASSET_SYMBOL_EXTENSIONS = YES;
				CLANG_ANALYZER_NONNULL = YES;
				CLANG_ANALYZER_NUMBER_OBJECT_CONVERSION = YES_AGGRESSIVE;
				CLANG_CXX_LANGUAGE_STANDARD = "gnu++20";
				CLANG_ENABLE_MODULES = YES;
				CLANG_ENABLE_OBJC_ARC = YES;
				CLANG_ENABLE_OBJC_WEAK = YES;
				CLANG_WARN_BLOCK_CAPTURE_AUTORELEASING = YES;
				CLANG_WARN_BOOL_CONVERSION = YES;
				CLANG_WARN_COMMA = YES;
				CLANG_WARN_CONSTANT_CONVERSION = YES;
				CLANG_WARN_DEPRECATED_OBJC_IMPLEMENTATIONS = YES;
				CLANG_WARN_DIRECT_OBJC_ISA_USAGE = YES_ERROR;
				CLANG_WARN_DOCUMENTATION_COMMENTS = YES;
				CLANG_WARN_EMPTY_BODY = YES;
				CLANG_WARN_ENUM_CONVERSION = YES;
				CLANG_WARN_INFINITE_RECURSION = YES;
				CLANG_WARN_INT_CONVERSION = YES;
				CLANG_WARN_NON_LITERAL_NULL_CONVERSION = YES;
				CLANG_WARN_OBJC_IMPLICIT_RETAIN_SELF = YES;
				CLANG_WARN_OBJC_LITERAL_CONVERSION = YES;
				CLANG_WARN_OBJC_ROOT_CLASS = YES_ERROR;
				CLANG_WARN_QUOTED_INCLUDE_IN_FRAMEWORK_HEADER = YES;
				CLANG_WARN_RANGE_LOOP_ANALYSIS = YES;
				CLANG_WARN_STRICT_PROTOTYPES = YES;
				CLANG_WARN_SUSPICIOUS_MOVE = YES;
				CLANG_WARN_UNGUARDED_AVAILABILITY = YES_AGGRESSIVE;
				CLANG_WARN_UNREACHABLE_CODE = YES;
				CLANG_WARN__DUPLICATE_METHOD_MATCH = YES;
				COPY_PHASE_STRIP = NO;
				DEBUG_INFORMATION_FORMAT = "dwarf-with-dsym";
				ENABLE_NS_ASSERTIONS = NO;
				ENABLE_STRICT_OBJC_MSGSEND = YES;
				ENABLE_USER_SCRIPT_SANDBOXING = YES;
				GCC_C_LANGUAGE_STANDARD = gnu17;
				GCC_NO_COMMON_BLOCKS = YES;
				GCC_WARN_64_TO_32_BIT_CONVERSION = YES;
				GCC_WARN_ABOUT_RETURN_TYPE = YES_ERROR;
				GCC_WARN_UNDECLARED_SELECTOR = YES;
				GCC_WARN_UNINITIALIZED_AUTOS = YES_AGGRESSIVE;
				GCC_WARN_UNUSED_FUNCTION = YES;
				GCC_WARN_UNUSED_VARIABLE = YES;
				IPHONEOS_DEPLOYMENT_TARGET = 17.0;
				LOCALIZATION_PREFERS_STRING_CATALOGS = YES;
				MTL_ENABLE_DEBUG_INFO = NO;
				MTL_FAST_MATH = YES;
				SDKROOT = iphoneos;
				SWIFT_COMPILATION_MODE = wholemodule;
				VALIDATE_PRODUCT = YES;
			};
			name = Release;
		};
		B0B0825C2B58440B00CD4CBF /* Debug */ = {
			isa = XCBuildConfiguration;
			baseConfigurationReference = 3BDAFD8C388DCDC929725D72 /* Pods-ECOM Messages.debug.xcconfig */;
			buildSettings = {
				ASSETCATALOG_COMPILER_APPICON_NAME = AppIcon;
				ASSETCATALOG_COMPILER_GLOBAL_ACCENT_COLOR_NAME = AccentColor;
				CODE_SIGN_STYLE = Automatic;
				CURRENT_PROJECT_VERSION = 1;
				ENABLE_USER_SCRIPT_SANDBOXING = NO;
				GENERATE_INFOPLIST_FILE = YES;
				INFOPLIST_FILE = "ECOM Messages/Info.plist";
				INFOPLIST_KEY_UIApplicationSupportsIndirectInputEvents = YES;
				INFOPLIST_KEY_UILaunchStoryboardName = LaunchScreen;
				INFOPLIST_KEY_UIMainStoryboardFile = Main;
				INFOPLIST_KEY_UISupportedInterfaceOrientations = UIInterfaceOrientationPortrait;
				LD_RUNPATH_SEARCH_PATHS = (
					"$(inherited)",
					"@executable_path/Frameworks",
				);
				MARKETING_VERSION = 1.0;
				PRODUCT_BUNDLE_IDENTIFIER = "com.app.ecommessages.ECOM-Messages";
				PRODUCT_NAME = "$(TARGET_NAME)";
				SWIFT_EMIT_LOC_STRINGS = YES;
				SWIFT_VERSION = 5.0;
				TARGETED_DEVICE_FAMILY = "1,2";
			};
			name = Debug;
		};
		B0B0825D2B58440B00CD4CBF /* Release */ = {
			isa = XCBuildConfiguration;
			baseConfigurationReference = D40F03DE06646A4E62098128 /* Pods-ECOM Messages.release.xcconfig */;
			buildSettings = {
				ASSETCATALOG_COMPILER_APPICON_NAME = AppIcon;
				ASSETCATALOG_COMPILER_GLOBAL_ACCENT_COLOR_NAME = AccentColor;
				CODE_SIGN_STYLE = Automatic;
				CURRENT_PROJECT_VERSION = 1;
				ENABLE_USER_SCRIPT_SANDBOXING = NO;
				GENERATE_INFOPLIST_FILE = YES;
				INFOPLIST_FILE = "ECOM Messages/Info.plist";
				INFOPLIST_KEY_UIApplicationSupportsIndirectInputEvents = YES;
				INFOPLIST_KEY_UILaunchStoryboardName = LaunchScreen;
				INFOPLIST_KEY_UIMainStoryboardFile = Main;
				INFOPLIST_KEY_UISupportedInterfaceOrientations = UIInterfaceOrientationPortrait;
				LD_RUNPATH_SEARCH_PATHS = (
					"$(inherited)",
					"@executable_path/Frameworks",
				);
				MARKETING_VERSION = 1.0;
				PRODUCT_BUNDLE_IDENTIFIER = "com.app.ecommessages.ECOM-Messages";
				PRODUCT_NAME = "$(TARGET_NAME)";
				SWIFT_EMIT_LOC_STRINGS = YES;
				SWIFT_VERSION = 5.0;
				TARGETED_DEVICE_FAMILY = "1,2";
			};
			name = Release;
		};
/* End XCBuildConfiguration section */

/* Begin XCConfigurationList section */
		B0B082422B58440800CD4CBF /* Build configuration list for PBXProject "ECOM Messages" */ = {
			isa = XCConfigurationList;
			buildConfigurations = (
				B0B082592B58440B00CD4CBF /* Debug */,
				B0B0825A2B58440B00CD4CBF /* Release */,
			);
			defaultConfigurationIsVisible = 0;
			defaultConfigurationName = Release;
		};
		B0B0825B2B58440B00CD4CBF /* Build configuration list for PBXNativeTarget "ECOM Messages" */ = {
			isa = XCConfigurationList;
			buildConfigurations = (
				B0B0825C2B58440B00CD4CBF /* Debug */,
				B0B0825D2B58440B00CD4CBF /* Release */,
			);
			defaultConfigurationIsVisible = 0;
			defaultConfigurationName = Release;
		};
/* End XCConfigurationList section */

/* Begin XCRemoteSwiftPackageReference section */
		B0DB6F1C2B5CFCB40047DDB5 /* XCRemoteSwiftPackageReference "BadgeGenerator" */ = {
			isa = XCRemoteSwiftPackageReference;
			repositoryURL = "https://github.com/froggomad/BadgeGenerator";
			requirement = {
				kind = upToNextMajorVersion;
				minimumVersion = 0.0.4;
			};
		};
/* End XCRemoteSwiftPackageReference section */

/* Begin XCSwiftPackageProductDependency section */
		B0DB6F1D2B5CFCB40047DDB5 /* BadgeGenerator */ = {
			isa = XCSwiftPackageProductDependency;
			package = B0DB6F1C2B5CFCB40047DDB5 /* XCRemoteSwiftPackageReference "BadgeGenerator" */;
			productName = BadgeGenerator;
		};
/* End XCSwiftPackageProductDependency section */
	};
	rootObject = B0B0823F2B58440800CD4CBF /* Project object */;
}
